// !$*UTF8*$!
{
	archiveVersion = 1;
	classes = {
	};
	objectVersion = 51;
	objects = {

/* Begin PBXBuildFile section */
		63D99ECAA311EE7F3F240A14 /* Pods_Twittermental.framework in Frameworks */ = {isa = PBXBuildFile; fileRef = C4699C2BA9E7C994D0C0473A /* Pods_Twittermental.framework */; };
		820E0AD425010A6500233022 /* AppDelegate.swift in Sources */ = {isa = PBXBuildFile; fileRef = 820E0AD325010A6500233022 /* AppDelegate.swift */; };
		820E0AD625010A6500233022 /* SceneDelegate.swift in Sources */ = {isa = PBXBuildFile; fileRef = 820E0AD525010A6500233022 /* SceneDelegate.swift */; };
		820E0AD825010A6500233022 /* MainViewController.swift in Sources */ = {isa = PBXBuildFile; fileRef = 820E0AD725010A6500233022 /* MainViewController.swift */; };
		820E0ADD25010A6800233022 /* Assets.xcassets in Resources */ = {isa = PBXBuildFile; fileRef = 820E0ADC25010A6800233022 /* Assets.xcassets */; };
		820E0AE025010A6800233022 /* LaunchScreen.storyboard in Resources */ = {isa = PBXBuildFile; fileRef = 820E0ADE25010A6800233022 /* LaunchScreen.storyboard */; };
		820E0AE825010B1000233022 /* Main.storyboard in Resources */ = {isa = PBXBuildFile; fileRef = 820E0AE725010B1000233022 /* Main.storyboard */; };
		82A47F1325016B69007C29A8 /* TweetSentimentClassifier.mlmodel in Sources */ = {isa = PBXBuildFile; fileRef = 82A47F1225016B69007C29A8 /* TweetSentimentClassifier.mlmodel */; };
		82A47F1525016C54007C29A8 /* Constants.swift in Sources */ = {isa = PBXBuildFile; fileRef = 82A47F1425016C54007C29A8 /* Constants.swift */; };
		82A47F2925016ED2007C29A8 /* SwifteriOS.framework in Frameworks */ = {isa = PBXBuildFile; fileRef = 82A47F1F25016EB2007C29A8 /* SwifteriOS.framework */; };
		82A47F2A25016ED2007C29A8 /* SwifteriOS.framework in Embed Frameworks */ = {isa = PBXBuildFile; fileRef = 82A47F1F25016EB2007C29A8 /* SwifteriOS.framework */; settings = {ATTRIBUTES = (CodeSignOnCopy, RemoveHeadersOnCopy, ); }; };
/* End PBXBuildFile section */

/* Begin PBXContainerItemProxy section */
		82A47F1E25016EB2007C29A8 /* PBXContainerItemProxy */ = {
			isa = PBXContainerItemProxy;
			containerPortal = 82A47F1625016EB2007C29A8 /* Swifter.xcodeproj */;
			proxyType = 2;
			remoteGlobalIDString = 8B9F50EE1944A5AB00894629;
			remoteInfo = SwifteriOS;
		};
		82A47F2025016EB2007C29A8 /* PBXContainerItemProxy */ = {
			isa = PBXContainerItemProxy;
			containerPortal = 82A47F1625016EB2007C29A8 /* Swifter.xcodeproj */;
			proxyType = 2;
			remoteGlobalIDString = 8B9F51131944A61D00894629;
			remoteInfo = SwifterMac;
		};
		82A47F2225016EB2007C29A8 /* PBXContainerItemProxy */ = {
			isa = PBXContainerItemProxy;
			containerPortal = 82A47F1625016EB2007C29A8 /* Swifter.xcodeproj */;
			proxyType = 2;
			remoteGlobalIDString = 8B300C1F1944AA1A00993175;
			remoteInfo = SwifterDemoiOS;
		};
		82A47F2425016EB2007C29A8 /* PBXContainerItemProxy */ = {
			isa = PBXContainerItemProxy;
			containerPortal = 82A47F1625016EB2007C29A8 /* Swifter.xcodeproj */;
			proxyType = 2;
			remoteGlobalIDString = 8B300C471944AECB00993175;
			remoteInfo = SwifterDemoMac;
		};
		82A47F2625016EB2007C29A8 /* PBXContainerItemProxy */ = {
			isa = PBXContainerItemProxy;
			containerPortal = 82A47F1625016EB2007C29A8 /* Swifter.xcodeproj */;
			proxyType = 2;
			remoteGlobalIDString = F6B4D5751C7BAC4500E06514;
			remoteInfo = SwifterTests;
		};
/* End PBXContainerItemProxy section */

/* Begin PBXCopyFilesBuildPhase section */
		82A47F2B25016ED2007C29A8 /* Embed Frameworks */ = {
			isa = PBXCopyFilesBuildPhase;
			buildActionMask = 2147483647;
			dstPath = "";
			dstSubfolderSpec = 10;
			files = (
				82A47F2A25016ED2007C29A8 /* SwifteriOS.framework in Embed Frameworks */,
			);
			name = "Embed Frameworks";
			runOnlyForDeploymentPostprocessing = 0;
		};
/* End PBXCopyFilesBuildPhase section */

/* Begin PBXFileReference section */
		02055715D064865A7FB61376 /* Pods-Twittermental.debug.xcconfig */ = {isa = PBXFileReference; includeInIndex = 1; lastKnownFileType = text.xcconfig; name = "Pods-Twittermental.debug.xcconfig"; path = "Target Support Files/Pods-Twittermental/Pods-Twittermental.debug.xcconfig"; sourceTree = "<group>"; };
		820E0AD025010A6500233022 /* Twittermental.app */ = {isa = PBXFileReference; explicitFileType = wrapper.application; includeInIndex = 0; path = Twittermental.app; sourceTree = BUILT_PRODUCTS_DIR; };
		820E0AD325010A6500233022 /* AppDelegate.swift */ = {isa = PBXFileReference; lastKnownFileType = sourcecode.swift; path = AppDelegate.swift; sourceTree = "<group>"; };
		820E0AD525010A6500233022 /* SceneDelegate.swift */ = {isa = PBXFileReference; lastKnownFileType = sourcecode.swift; path = SceneDelegate.swift; sourceTree = "<group>"; };
		820E0AD725010A6500233022 /* MainViewController.swift */ = {isa = PBXFileReference; lastKnownFileType = sourcecode.swift; path = MainViewController.swift; sourceTree = "<group>"; };
		820E0ADC25010A6800233022 /* Assets.xcassets */ = {isa = PBXFileReference; lastKnownFileType = folder.assetcatalog; path = Assets.xcassets; sourceTree = "<group>"; };
		820E0ADF25010A6800233022 /* Base */ = {isa = PBXFileReference; lastKnownFileType = file.storyboard; name = Base; path = Base.lproj/LaunchScreen.storyboard; sourceTree = "<group>"; };
		820E0AE125010A6800233022 /* Info.plist */ = {isa = PBXFileReference; lastKnownFileType = text.plist.xml; path = Info.plist; sourceTree = "<group>"; };
		820E0AE725010B1000233022 /* Main.storyboard */ = {isa = PBXFileReference; fileEncoding = 4; lastKnownFileType = file.storyboard; path = Main.storyboard; sourceTree = "<group>"; };
		82A47F1225016B69007C29A8 /* TweetSentimentClassifier.mlmodel */ = {isa = PBXFileReference; lastKnownFileType = file.mlmodel; path = TweetSentimentClassifier.mlmodel; sourceTree = "<group>"; };
		82A47F1425016C54007C29A8 /* Constants.swift */ = {isa = PBXFileReference; lastKnownFileType = sourcecode.swift; path = Constants.swift; sourceTree = "<group>"; };
		82A47F1625016EB2007C29A8 /* Swifter.xcodeproj */ = {isa = PBXFileReference; lastKnownFileType = "wrapper.pb-project"; name = Swifter.xcodeproj; path = ../Swifter/Swifter.xcodeproj; sourceTree = "<group>"; };
		BF66A979D01FA0DB6DB32A55 /* Pods-Twittermental.release.xcconfig */ = {isa = PBXFileReference; includeInIndex = 1; lastKnownFileType = text.xcconfig; name = "Pods-Twittermental.release.xcconfig"; path = "Target Support Files/Pods-Twittermental/Pods-Twittermental.release.xcconfig"; sourceTree = "<group>"; };
		C4699C2BA9E7C994D0C0473A /* Pods_Twittermental.framework */ = {isa = PBXFileReference; explicitFileType = wrapper.framework; includeInIndex = 0; path = Pods_Twittermental.framework; sourceTree = BUILT_PRODUCTS_DIR; };
/* End PBXFileReference section */

/* Begin PBXFrameworksBuildPhase section */
		820E0ACD25010A6500233022 /* Frameworks */ = {
			isa = PBXFrameworksBuildPhase;
			buildActionMask = 2147483647;
			files = (
				82A47F2925016ED2007C29A8 /* SwifteriOS.framework in Frameworks */,
				63D99ECAA311EE7F3F240A14 /* Pods_Twittermental.framework in Frameworks */,
			);
			runOnlyForDeploymentPostprocessing = 0;
		};
/* End PBXFrameworksBuildPhase section */

/* Begin PBXGroup section */
		72CED3FF32A56A1E0EF49C2F /* Pods */ = {
			isa = PBXGroup;
			children = (
				02055715D064865A7FB61376 /* Pods-Twittermental.debug.xcconfig */,
				BF66A979D01FA0DB6DB32A55 /* Pods-Twittermental.release.xcconfig */,
			);
			path = Pods;
			sourceTree = "<group>";
		};
		820E0AC725010A6500233022 = {
			isa = PBXGroup;
			children = (
				82A47F1625016EB2007C29A8 /* Swifter.xcodeproj */,
				820E0AD225010A6500233022 /* Twittermental */,
				820E0AD125010A6500233022 /* Products */,
				82A47F2825016ED2007C29A8 /* Frameworks */,
				72CED3FF32A56A1E0EF49C2F /* Pods */,
			);
			sourceTree = "<group>";
		};
		820E0AD125010A6500233022 /* Products */ = {
			isa = PBXGroup;
			children = (
				820E0AD025010A6500233022 /* Twittermental.app */,
			);
			name = Products;
			sourceTree = "<group>";
		};
		820E0AD225010A6500233022 /* Twittermental */ = {
			isa = PBXGroup;
			children = (
				820E0AD325010A6500233022 /* AppDelegate.swift */,
				820E0AD525010A6500233022 /* SceneDelegate.swift */,
				820E0AD725010A6500233022 /* MainViewController.swift */,
				820E0AE725010B1000233022 /* Main.storyboard */,
				82A47F1425016C54007C29A8 /* Constants.swift */,
				82A47F1225016B69007C29A8 /* TweetSentimentClassifier.mlmodel */,
				820E0ADC25010A6800233022 /* Assets.xcassets */,
				820E0ADE25010A6800233022 /* LaunchScreen.storyboard */,
				820E0AE125010A6800233022 /* Info.plist */,
			);
			path = Twittermental;
			sourceTree = "<group>";
		};
		82A47F1725016EB2007C29A8 /* Products */ = {
			isa = PBXGroup;
			children = (
				82A47F1F25016EB2007C29A8 /* SwifteriOS.framework */,
				82A47F2125016EB2007C29A8 /* SwifterMac.framework */,
				82A47F2325016EB2007C29A8 /* SwifterDemoiOS.app */,
				82A47F2525016EB2007C29A8 /* SwifterDemoMac.app */,
				82A47F2725016EB2007C29A8 /* SwifterTests.xctest */,
			);
			name = Products;
			sourceTree = "<group>";
		};
		82A47F2825016ED2007C29A8 /* Frameworks */ = {
			isa = PBXGroup;
			children = (
				C4699C2BA9E7C994D0C0473A /* Pods_Twittermental.framework */,
			);
			name = Frameworks;
			sourceTree = "<group>";
		};
/* End PBXGroup section */

/* Begin PBXNativeTarget section */
		820E0ACF25010A6500233022 /* Twittermental */ = {
			isa = PBXNativeTarget;
			buildConfigurationList = 820E0AE425010A6800233022 /* Build configuration list for PBXNativeTarget "Twittermental" */;
			buildPhases = (
				930ECD2BC042D830801C1539 /* [CP] Check Pods Manifest.lock */,
				820E0ACC25010A6500233022 /* Sources */,
				820E0ACD25010A6500233022 /* Frameworks */,
				820E0ACE25010A6500233022 /* Resources */,
				82A47F2B25016ED2007C29A8 /* Embed Frameworks */,
				F0EA6592534B53C53F6A5A2D /* [CP] Embed Pods Frameworks */,
			);
			buildRules = (
			);
			dependencies = (
			);
			name = Twittermental;
			productName = Twittermental;
			productReference = 820E0AD025010A6500233022 /* Twittermental.app */;
			productType = "com.apple.product-type.application";
		};
/* End PBXNativeTarget section */

/* Begin PBXProject section */
		820E0AC825010A6500233022 /* Project object */ = {
			isa = PBXProject;
			attributes = {
				LastSwiftUpdateCheck = 1160;
				LastUpgradeCheck = 1160;
				ORGANIZATIONNAME = "Harrison Gittos";
				TargetAttributes = {
					820E0ACF25010A6500233022 = {
						CreatedOnToolsVersion = 11.6;
					};
				};
			};
			buildConfigurationList = 820E0ACB25010A6500233022 /* Build configuration list for PBXProject "Twittermental" */;
			compatibilityVersion = "Xcode 9.3";
			developmentRegion = en;
			hasScannedForEncodings = 0;
			knownRegions = (
				en,
				Base,
			);
			mainGroup = 820E0AC725010A6500233022;
			productRefGroup = 820E0AD125010A6500233022 /* Products */;
			projectDirPath = "";
			projectReferences = (
				{
					ProductGroup = 82A47F1725016EB2007C29A8 /* Products */;
					ProjectRef = 82A47F1625016EB2007C29A8 /* Swifter.xcodeproj */;
				},
			);
			projectRoot = "";
			targets = (
				820E0ACF25010A6500233022 /* Twittermental */,
			);
		};
/* End PBXProject section */

/* Begin PBXReferenceProxy section */
		82A47F1F25016EB2007C29A8 /* SwifteriOS.framework */ = {
			isa = PBXReferenceProxy;
			fileType = wrapper.framework;
			path = SwifteriOS.framework;
			remoteRef = 82A47F1E25016EB2007C29A8 /* PBXContainerItemProxy */;
			sourceTree = BUILT_PRODUCTS_DIR;
		};
		82A47F2125016EB2007C29A8 /* SwifterMac.framework */ = {
			isa = PBXReferenceProxy;
			fileType = wrapper.framework;
			path = SwifterMac.framework;
			remoteRef = 82A47F2025016EB2007C29A8 /* PBXContainerItemProxy */;
			sourceTree = BUILT_PRODUCTS_DIR;
		};
		82A47F2325016EB2007C29A8 /* SwifterDemoiOS.app */ = {
			isa = PBXReferenceProxy;
			fileType = wrapper.application;
			path = SwifterDemoiOS.app;
			remoteRef = 82A47F2225016EB2007C29A8 /* PBXContainerItemProxy */;
			sourceTree = BUILT_PRODUCTS_DIR;
		};
		82A47F2525016EB2007C29A8 /* SwifterDemoMac.app */ = {
			isa = PBXReferenceProxy;
			fileType = wrapper.application;
			path = SwifterDemoMac.app;
			remoteRef = 82A47F2425016EB2007C29A8 /* PBXContainerItemProxy */;
			sourceTree = BUILT_PRODUCTS_DIR;
		};
		82A47F2725016EB2007C29A8 /* SwifterTests.xctest */ = {
			isa = PBXReferenceProxy;
			fileType = wrapper.cfbundle;
			path = SwifterTests.xctest;
			remoteRef = 82A47F2625016EB2007C29A8 /* PBXContainerItemProxy */;
			sourceTree = BUILT_PRODUCTS_DIR;
		};
/* End PBXReferenceProxy section */

/* Begin PBXResourcesBuildPhase section */
		820E0ACE25010A6500233022 /* Resources */ = {
			isa = PBXResourcesBuildPhase;
			buildActionMask = 2147483647;
			files = (
				820E0AE825010B1000233022 /* Main.storyboard in Resources */,
				820E0AE025010A6800233022 /* LaunchScreen.storyboard in Resources */,
				820E0ADD25010A6800233022 /* Assets.xcassets in Resources */,
			);
			runOnlyForDeploymentPostprocessing = 0;
		};
/* End PBXResourcesBuildPhase section */

/* Begin PBXShellScriptBuildPhase section */
		930ECD2BC042D830801C1539 /* [CP] Check Pods Manifest.lock */ = {
			isa = PBXShellScriptBuildPhase;
			buildActionMask = 2147483647;
			files = (
			);
			inputFileListPaths = (
			);
			inputPaths = (
				"${PODS_PODFILE_DIR_PATH}/Podfile.lock",
				"${PODS_ROOT}/Manifest.lock",
			);
			name = "[CP] Check Pods Manifest.lock";
			outputFileListPaths = (
			);
			outputPaths = (
				"$(DERIVED_FILE_DIR)/Pods-Twittermental-checkManifestLockResult.txt",
			);
			runOnlyForDeploymentPostprocessing = 0;
			shellPath = /bin/sh;
			shellScript = "diff \"${PODS_PODFILE_DIR_PATH}/Podfile.lock\" \"${PODS_ROOT}/Manifest.lock\" > /dev/null\nif [ $? != 0 ] ; then\n    # print error to STDERR\n    echo \"error: The sandbox is not in sync with the Podfile.lock. Run 'pod install' or update your CocoaPods installation.\" >&2\n    exit 1\nfi\n# This output is used by Xcode 'outputs' to avoid re-running this script phase.\necho \"SUCCESS\" > \"${SCRIPT_OUTPUT_FILE_0}\"\n";
			showEnvVarsInLog = 0;
		};
		F0EA6592534B53C53F6A5A2D /* [CP] Embed Pods Frameworks */ = {
			isa = PBXShellScriptBuildPhase;
			buildActionMask = 2147483647;
			files = (
			);
			inputFileListPaths = (
				"${PODS_ROOT}/Target Support Files/Pods-Twittermental/Pods-Twittermental-frameworks-${CONFIGURATION}-input-files.xcfilelist",
			);
			name = "[CP] Embed Pods Frameworks";
			outputFileListPaths = (
				"${PODS_ROOT}/Target Support Files/Pods-Twittermental/Pods-Twittermental-frameworks-${CONFIGURATION}-output-files.xcfilelist",
			);
			runOnlyForDeploymentPostprocessing = 0;
			shellPath = /bin/sh;
			shellScript = "\"${PODS_ROOT}/Target Support Files/Pods-Twittermental/Pods-Twittermental-frameworks.sh\"\n";
			showEnvVarsInLog = 0;
		};
/* End PBXShellScriptBuildPhase section */

/* Begin PBXSourcesBuildPhase section */
		820E0ACC25010A6500233022 /* Sources */ = {
			isa = PBXSourcesBuildPhase;
			buildActionMask = 2147483647;
			files = (
				82A47F1525016C54007C29A8 /* Constants.swift in Sources */,
				820E0AD825010A6500233022 /* MainViewController.swift in Sources */,
				820E0AD425010A6500233022 /* AppDelegate.swift in Sources */,
				82A47F1325016B69007C29A8 /* TweetSentimentClassifier.mlmodel in Sources */,
				820E0AD625010A6500233022 /* SceneDelegate.swift in Sources */,
			);
			runOnlyForDeploymentPostprocessing = 0;
		};
/* End PBXSourcesBuildPhase section */

/* Begin PBXVariantGroup section */
		820E0ADE25010A6800233022 /* LaunchScreen.storyboard */ = {
			isa = PBXVariantGroup;
			children = (
				820E0ADF25010A6800233022 /* Base */,
			);
			name = LaunchScreen.storyboard;
			sourceTree = "<group>";
		};
/* End PBXVariantGroup section */

/* Begin XCBuildConfiguration section */
		820E0AE225010A6800233022 /* Debug */ = {
			isa = XCBuildConfiguration;
			buildSettings = {
				ALWAYS_SEARCH_USER_PATHS = NO;
				CLANG_ANALYZER_NONNULL = YES;
				CLANG_ANALYZER_NUMBER_OBJECT_CONVERSION = YES_AGGRESSIVE;
				CLANG_CXX_LANGUAGE_STANDARD = "gnu++14";
				CLANG_CXX_LIBRARY = "libc++";
				CLANG_ENABLE_MODULES = YES;
				CLANG_ENABLE_OBJC_ARC = YES;
				CLANG_ENABLE_OBJC_WEAK = YES;
				CLANG_WARN_BLOCK_CAPTURE_AUTORELEASING = YES;
				CLANG_WARN_BOOL_CONVERSION = YES;
				CLANG_WARN_COMMA = YES;
				CLANG_WARN_CONSTANT_CONVERSION = YES;
				CLANG_WARN_DEPRECATED_OBJC_IMPLEMENTATIONS = YES;
				CLANG_WARN_DIRECT_OBJC_ISA_USAGE = YES_ERROR;
				CLANG_WARN_DOCUMENTATION_COMMENTS = YES;
				CLANG_WARN_EMPTY_BODY = YES;
				CLANG_WARN_ENUM_CONVERSION = YES;
				CLANG_WARN_INFINITE_RECURSION = YES;
				CLANG_WARN_INT_CONVERSION = YES;
				CLANG_WARN_NON_LITERAL_NULL_CONVERSION = YES;
				CLANG_WARN_OBJC_IMPLICIT_RETAIN_SELF = YES;
				CLANG_WARN_OBJC_LITERAL_CONVERSION = YES;
				CLANG_WARN_OBJC_ROOT_CLASS = YES_ERROR;
				CLANG_WARN_RANGE_LOOP_ANALYSIS = YES;
				CLANG_WARN_STRICT_PROTOTYPES = YES;
				CLANG_WARN_SUSPICIOUS_MOVE = YES;
				CLANG_WARN_UNGUARDED_AVAILABILITY = YES_AGGRESSIVE;
				CLANG_WARN_UNREACHABLE_CODE = YES;
				CLANG_WARN__DUPLICATE_METHOD_MATCH = YES;
				COPY_PHASE_STRIP = NO;
				DEBUG_INFORMATION_FORMAT = dwarf;
				ENABLE_STRICT_OBJC_MSGSEND = YES;
				ENABLE_TESTABILITY = YES;
				GCC_C_LANGUAGE_STANDARD = gnu11;
				GCC_DYNAMIC_NO_PIC = NO;
				GCC_NO_COMMON_BLOCKS = YES;
				GCC_OPTIMIZATION_LEVEL = 0;
				GCC_PREPROCESSOR_DEFINITIONS = (
					"DEBUG=1",
					"$(inherited)",
				);
				GCC_WARN_64_TO_32_BIT_CONVERSION = YES;
				GCC_WARN_ABOUT_RETURN_TYPE = YES_ERROR;
				GCC_WARN_UNDECLARED_SELECTOR = YES;
				GCC_WARN_UNINITIALIZED_AUTOS = YES_AGGRESSIVE;
				GCC_WARN_UNUSED_FUNCTION = YES;
				GCC_WARN_UNUSED_VARIABLE = YES;
				IPHONEOS_DEPLOYMENT_TARGET = 13.6;
				MTL_ENABLE_DEBUG_INFO = INCLUDE_SOURCE;
				MTL_FAST_MATH = YES;
				ONLY_ACTIVE_ARCH = YES;
				SDKROOT = iphoneos;
				SWIFT_ACTIVE_COMPILATION_CONDITIONS = DEBUG;
				SWIFT_OPTIMIZATION_LEVEL = "-Onone";
			};
			name = Debug;
		};
		820E0AE325010A6800233022 /* Release */ = {
			isa = XCBuildConfiguration;
			buildSettings = {
				ALWAYS_SEARCH_USER_PATHS = NO;
				CLANG_ANALYZER_NONNULL = YES;
				CLANG_ANALYZER_NUMBER_OBJECT_CONVERSION = YES_AGGRESSIVE;
				CLANG_CXX_LANGUAGE_STANDARD = "gnu++14";
				CLANG_CXX_LIBRARY = "libc++";
				CLANG_ENABLE_MODULES = YES;
				CLANG_ENABLE_OBJC_ARC = YES;
				CLANG_ENABLE_OBJC_WEAK = YES;
				CLANG_WARN_BLOCK_CAPTURE_AUTORELEASING = YES;
				CLANG_WARN_BOOL_CONVERSION = YES;
				CLANG_WARN_COMMA = YES;
				CLANG_WARN_CONSTANT_CONVERSION = YES;
				CLANG_WARN_DEPRECATED_OBJC_IMPLEMENTATIONS = YES;
				CLANG_WARN_DIRECT_OBJC_ISA_USAGE = YES_ERROR;
				CLANG_WARN_DOCUMENTATION_COMMENTS = YES;
				CLANG_WARN_EMPTY_BODY = YES;
				CLANG_WARN_ENUM_CONVERSION = YES;
				CLANG_WARN_INFINITE_RECURSION = YES;
				CLANG_WARN_INT_CONVERSION = YES;
				CLANG_WARN_NON_LITERAL_NULL_CONVERSION = YES;
				CLANG_WARN_OBJC_IMPLICIT_RETAIN_SELF = YES;
				CLANG_WARN_OBJC_LITERAL_CONVERSION = YES;
				CLANG_WARN_OBJC_ROOT_CLASS = YES_ERROR;
				CLANG_WARN_RANGE_LOOP_ANALYSIS = YES;
				CLANG_WARN_STRICT_PROTOTYPES = YES;
				CLANG_WARN_SUSPICIOUS_MOVE = YES;
				CLANG_WARN_UNGUARDED_AVAILABILITY = YES_AGGRESSIVE;
				CLANG_WARN_UNREACHABLE_CODE = YES;
				CLANG_WARN__DUPLICATE_METHOD_MATCH = YES;
				COPY_PHASE_STRIP = NO;
				DEBUG_INFORMATION_FORMAT = "dwarf-with-dsym";
				ENABLE_NS_ASSERTIONS = NO;
				ENABLE_STRICT_OBJC_MSGSEND = YES;
				GCC_C_LANGUAGE_STANDARD = gnu11;
				GCC_NO_COMMON_BLOCKS = YES;
				GCC_WARN_64_TO_32_BIT_CONVERSION = YES;
				GCC_WARN_ABOUT_RETURN_TYPE = YES_ERROR;
				GCC_WARN_UNDECLARED_SELECTOR = YES;
				GCC_WARN_UNINITIALIZED_AUTOS = YES_AGGRESSIVE;
				GCC_WARN_UNUSED_FUNCTION = YES;
				GCC_WARN_UNUSED_VARIABLE = YES;
				IPHONEOS_DEPLOYMENT_TARGET = 13.6;
				MTL_ENABLE_DEBUG_INFO = NO;
				MTL_FAST_MATH = YES;
				SDKROOT = iphoneos;
				SWIFT_COMPILATION_MODE = wholemodule;
				SWIFT_OPTIMIZATION_LEVEL = "-O";
				VALIDATE_PRODUCT = YES;
			};
			name = Release;
		};
		820E0AE525010A6800233022 /* Debug */ = {
			isa = XCBuildConfiguration;
			baseConfigurationReference = 02055715D064865A7FB61376 /* Pods-Twittermental.debug.xcconfig */;
			buildSettings = {
				ASSETCATALOG_COMPILER_APPICON_NAME = AppIcon;
				CODE_SIGN_STYLE = Automatic;
				DEVELOPMENT_TEAM = JQN5Z9LN7Z;
				INFOPLIST_FILE = Twittermental/Info.plist;
				LD_RUNPATH_SEARCH_PATHS = (
					"$(inherited)",
					"@executable_path/Frameworks",
				);
				PRODUCT_BUNDLE_IDENTIFIER = io.AechGG.Twittermental;
				PRODUCT_NAME = "$(TARGET_NAME)";
				SWIFT_VERSION = 5.0;
				TARGETED_DEVICE_FAMILY = "1,2";
			};
			name = Debug;
		};
		820E0AE625010A6800233022 /* Release */ = {
			isa = XCBuildConfiguration;
			baseConfigurationReference = BF66A979D01FA0DB6DB32A55 /* Pods-Twittermental.release.xcconfig */;
			buildSettings = {
				ASSETCATALOG_COMPILER_APPICON_NAME = AppIcon;
				CODE_SIGN_STYLE = Automatic;
				DEVELOPMENT_TEAM = JQN5Z9LN7Z;
				INFOPLIST_FILE = Twittermental/Info.plist;
				LD_RUNPATH_SEARCH_PATHS = (
					"$(inherited)",
					"@executable_path/Frameworks",
				);
				PRODUCT_BUNDLE_IDENTIFIER = io.AechGG.Twittermental;
				PRODUCT_NAME = "$(TARGET_NAME)";
				SWIFT_VERSION = 5.0;
				TARGETED_DEVICE_FAMILY = "1,2";
			};
			name = Release;
		};
/* End XCBuildConfiguration section */

/* Begin XCConfigurationList section */
		820E0ACB25010A6500233022 /* Build configuration list for PBXProject "Twittermental" */ = {
			isa = XCConfigurationList;
			buildConfigurations = (
				820E0AE225010A6800233022 /* Debug */,
				820E0AE325010A6800233022 /* Release */,
			);
			defaultConfigurationIsVisible = 0;
			defaultConfigurationName = Release;
		};
		820E0AE425010A6800233022 /* Build configuration list for PBXNativeTarget "Twittermental" */ = {
			isa = XCConfigurationList;
			buildConfigurations = (
				820E0AE525010A6800233022 /* Debug */,
				820E0AE625010A6800233022 /* Release */,
			);
			defaultConfigurationIsVisible = 0;
			defaultConfigurationName = Release;
		};
/* End XCConfigurationList section */
	};
	rootObject = 820E0AC825010A6500233022 /* Project object */;
}
